
Microsoft Visual Studio Solution File, Format Version 12.00
# Visual Studio Version 17
VisualStudioVersion = 17.9.34902.65
MinimumVisualStudioVersion = 10.0.40219.1
Project("{FAE04EC0-301F-11D3-BF4B-00C04F79EFBC}") = "webapisolution", "webapisolution.csproj", "{B5D2F2CA-CC19-4F85-B37E-66777F571D5A}"
EndProject
Global
	GlobalSection(SolutionConfigurationPlatforms) = preSolution
		Debug|Any CPU = Debug|Any CPU
		Release|Any CPU = Release|Any CPU
	EndGlobalSection
	GlobalSection(ProjectConfigurationPlatforms) = postSolution
		{B5D2F2CA-CC19-4F85-B37E-66777F571D5A}.Debug|Any CPU.ActiveCfg = Debug|Any CPU
		{B5D2F2CA-CC19-4F85-B37E-66777F571D5A}.Debug|Any CPU.Build.0 = Debug|Any CPU
		{B5D2F2CA-CC19-4F85-B37E-66777F571D5A}.Release|Any CPU.ActiveCfg = Release|Any CPU
		{B5D2F2CA-CC19-4F85-B37E-66777F571D5A}.Release|Any CPU.Build.0 = Release|Any CPU
	EndGlobalSection
	GlobalSection(SolutionProperties) = preSolution
		HideSolutionNode = FALSE
	EndGlobalSection
	GlobalSection(ExtensibilityGlobals) = postSolution
		SolutionGuid = {7A8FAC19-2A0E-4BFA-852D-4B0E05EC2500}
	EndGlobalSection
EndGlobal
